
Microsoft Visual Studio Solution File, Format Version 12.00
# Visual Studio Version 16
VisualStudioVersion = 16.0.31702.278
MinimumVisualStudioVersion = 10.0.40219.1
Project("{9A19103F-16F7-4668-BE54-9A1E7A4F7556}") = "PizzeriaPinguino.Model", "ClassLibrary1\PizzeriaPinguino.Model.csproj", "{5654DABC-58FD-491C-92A3-65DC0608174F}"
EndProject
Project("{9A19103F-16F7-4668-BE54-9A1E7A4F7556}") = "PizzeriaPinguino.Creation", "PizzeriaPinguino.Creation\PizzeriaPinguino.Creation.csproj", "{B6910319-FBDB-4C1C-BA71-FD8790AF20F6}"
EndProject
Project("{9A19103F-16F7-4668-BE54-9A1E7A4F7556}") = "PizzeriaPinguino.RW", "PizzeriaPinguino.DataProvider\PizzeriaPinguino.RW.csproj", "{536B01E8-95C5-443B-B017-F67E46F74853}"
EndProject
Global
	GlobalSection(SolutionConfigurationPlatforms) = preSolution
		Debug|Any CPU = Debug|Any CPU
		Release|Any CPU = Release|Any CPU
	EndGlobalSection
	GlobalSection(ProjectConfigurationPlatforms) = postSolution
		{5654DABC-58FD-491C-92A3-65DC0608174F}.Debug|Any CPU.ActiveCfg = Debug|Any CPU
		{5654DABC-58FD-491C-92A3-65DC0608174F}.Debug|Any CPU.Build.0 = Debug|Any CPU
		{5654DABC-58FD-491C-92A3-65DC0608174F}.Release|Any CPU.ActiveCfg = Release|Any CPU
		{5654DABC-58FD-491C-92A3-65DC0608174F}.Release|Any CPU.Build.0 = Release|Any CPU
		{B6910319-FBDB-4C1C-BA71-FD8790AF20F6}.Debug|Any CPU.ActiveCfg = Debug|Any CPU
		{B6910319-FBDB-4C1C-BA71-FD8790AF20F6}.Debug|Any CPU.Build.0 = Debug|Any CPU
		{B6910319-FBDB-4C1C-BA71-FD8790AF20F6}.Release|Any CPU.ActiveCfg = Release|Any CPU
		{B6910319-FBDB-4C1C-BA71-FD8790AF20F6}.Release|Any CPU.Build.0 = Release|Any CPU
		{536B01E8-95C5-443B-B017-F67E46F74853}.Debug|Any CPU.ActiveCfg = Debug|Any CPU
		{536B01E8-95C5-443B-B017-F67E46F74853}.Debug|Any CPU.Build.0 = Debug|Any CPU
		{536B01E8-95C5-443B-B017-F67E46F74853}.Release|Any CPU.ActiveCfg = Release|Any CPU
		{536B01E8-95C5-443B-B017-F67E46F74853}.Release|Any CPU.Build.0 = Release|Any CPU
	EndGlobalSection
	GlobalSection(SolutionProperties) = preSolution
		HideSolutionNode = FALSE
	EndGlobalSection
	GlobalSection(ExtensibilityGlobals) = postSolution
		SolutionGuid = {B11E1FA9-54EE-4729-804D-A55C76E6F558}
	EndGlobalSection
EndGlobal
